// !$*UTF8*$!
{
	archiveVersion = 1;
	classes = {
	};
	objectVersion = 56;
	objects = {

/* Begin PBXBuildFile section */
		34EC26EE2961A325006EA227 /* AppDelegate.swift in Sources */ = {isa = PBXBuildFile; fileRef = 34EC26ED2961A325006EA227 /* AppDelegate.swift */; };
		34EC26F02961A325006EA227 /* SceneDelegate.swift in Sources */ = {isa = PBXBuildFile; fileRef = 34EC26EF2961A325006EA227 /* SceneDelegate.swift */; };
		34EC26F22961A325006EA227 /* ViewController.swift in Sources */ = {isa = PBXBuildFile; fileRef = 34EC26F12961A325006EA227 /* ViewController.swift */; };
		34EC26F52961A325006EA227 /* Main.storyboard in Resources */ = {isa = PBXBuildFile; fileRef = 34EC26F32961A325006EA227 /* Main.storyboard */; };
		34EC26F72961A326006EA227 /* Assets.xcassets in Resources */ = {isa = PBXBuildFile; fileRef = 34EC26F62961A326006EA227 /* Assets.xcassets */; };
		34EC26FA2961A326006EA227 /* LaunchScreen.storyboard in Resources */ = {isa = PBXBuildFile; fileRef = 34EC26F82961A326006EA227 /* LaunchScreen.storyboard */; };
		34EC27032961A8E7006EA227 /* RxCocoa in Frameworks */ = {isa = PBXBuildFile; productRef = 34EC27022961A8E7006EA227 /* RxCocoa */; };
		34EC27052961A8E7006EA227 /* RxRelay in Frameworks */ = {isa = PBXBuildFile; productRef = 34EC27042961A8E7006EA227 /* RxRelay */; };
		34EC27072961A8E7006EA227 /* RxSwift in Frameworks */ = {isa = PBXBuildFile; productRef = 34EC27062961A8E7006EA227 /* RxSwift */; };
		34F3BF49296F9F5B00E10883 /* UserTableViewCell.swift in Sources */ = {isa = PBXBuildFile; fileRef = 34F3BF48296F9F5B00E10883 /* UserTableViewCell.swift */; };
		34F3BF4D296FACAE00E10883 /* RxDataSources in Frameworks */ = {isa = PBXBuildFile; productRef = 34F3BF4C296FACAE00E10883 /* RxDataSources */; };
		34F3BF6529718F9E00E10883 /* LoginView.swift in Sources */ = {isa = PBXBuildFile; fileRef = 34F3BF6429718F9E00E10883 /* LoginView.swift */; };
/* End PBXBuildFile section */

/* Begin PBXFileReference section */
		34EC26EA2961A325006EA227 /* RXSwift Project.app */ = {isa = PBXFileReference; explicitFileType = wrapper.application; includeInIndex = 0; path = "RXSwift Project.app"; sourceTree = BUILT_PRODUCTS_DIR; };
		34EC26ED2961A325006EA227 /* AppDelegate.swift */ = {isa = PBXFileReference; lastKnownFileType = sourcecode.swift; path = AppDelegate.swift; sourceTree = "<group>"; };
		34EC26EF2961A325006EA227 /* SceneDelegate.swift */ = {isa = PBXFileReference; lastKnownFileType = sourcecode.swift; path = SceneDelegate.swift; sourceTree = "<group>"; };
		34EC26F12961A325006EA227 /* ViewController.swift */ = {isa = PBXFileReference; lastKnownFileType = sourcecode.swift; path = ViewController.swift; sourceTree = "<group>"; };
		34EC26F42961A325006EA227 /* Base */ = {isa = PBXFileReference; lastKnownFileType = file.storyboard; name = Base; path = Base.lproj/Main.storyboard; sourceTree = "<group>"; };
		34EC26F62961A326006EA227 /* Assets.xcassets */ = {isa = PBXFileReference; lastKnownFileType = folder.assetcatalog; path = Assets.xcassets; sourceTree = "<group>"; };
		34EC26F92961A326006EA227 /* Base */ = {isa = PBXFileReference; lastKnownFileType = file.storyboard; name = Base; path = Base.lproj/LaunchScreen.storyboard; sourceTree = "<group>"; };
		34EC26FB2961A326006EA227 /* Info.plist */ = {isa = PBXFileReference; lastKnownFileType = text.plist.xml; path = Info.plist; sourceTree = "<group>"; };
		34F3BF48296F9F5B00E10883 /* UserTableViewCell.swift */ = {isa = PBXFileReference; lastKnownFileType = sourcecode.swift; path = UserTableViewCell.swift; sourceTree = "<group>"; };
		34F3BF6429718F9E00E10883 /* LoginView.swift */ = {isa = PBXFileReference; lastKnownFileType = sourcecode.swift; path = LoginView.swift; sourceTree = "<group>"; };
/* End PBXFileReference section */

/* Begin PBXFrameworksBuildPhase section */
		34EC26E72961A325006EA227 /* Frameworks */ = {
			isa = PBXFrameworksBuildPhase;
			buildActionMask = 2147483647;
			files = (
				34EC27072961A8E7006EA227 /* RxSwift in Frameworks */,
				34F3BF4D296FACAE00E10883 /* RxDataSources in Frameworks */,
				34EC27052961A8E7006EA227 /* RxRelay in Frameworks */,
				34EC27032961A8E7006EA227 /* RxCocoa in Frameworks */,
			);
			runOnlyForDeploymentPostprocessing = 0;
		};
/* End PBXFrameworksBuildPhase section */

/* Begin PBXGroup section */
		34EC26E12961A325006EA227 = {
			isa = PBXGroup;
			children = (
				34EC26EC2961A325006EA227 /* RXSwift Project */,
				34EC26EB2961A325006EA227 /* Products */,
			);
			sourceTree = "<group>";
		};
		34EC26EB2961A325006EA227 /* Products */ = {
			isa = PBXGroup;
			children = (
				34EC26EA2961A325006EA227 /* RXSwift Project.app */,
			);
			name = Products;
			sourceTree = "<group>";
		};
		34EC26EC2961A325006EA227 /* RXSwift Project */ = {
			isa = PBXGroup;
			children = (
				34EC26ED2961A325006EA227 /* AppDelegate.swift */,
				34EC26EF2961A325006EA227 /* SceneDelegate.swift */,
				34EC26F12961A325006EA227 /* ViewController.swift */,
				34EC26F32961A325006EA227 /* Main.storyboard */,
				34EC26F62961A326006EA227 /* Assets.xcassets */,
				34EC26F82961A326006EA227 /* LaunchScreen.storyboard */,
				34EC26FB2961A326006EA227 /* Info.plist */,
				34F3BF48296F9F5B00E10883 /* UserTableViewCell.swift */,
				34F3BF6429718F9E00E10883 /* LoginView.swift */,
			);
			path = "RXSwift Project";
			sourceTree = "<group>";
		};
/* End PBXGroup section */

/* Begin PBXNativeTarget section */
		34EC26E92961A325006EA227 /* RXSwift Project */ = {
			isa = PBXNativeTarget;
			buildConfigurationList = 34EC26FE2961A326006EA227 /* Build configuration list for PBXNativeTarget "RXSwift Project" */;
			buildPhases = (
				34EC26E62961A325006EA227 /* Sources */,
				34EC26E72961A325006EA227 /* Frameworks */,
				34EC26E82961A325006EA227 /* Resources */,
			);
			buildRules = (
			);
			dependencies = (
			);
			name = "RXSwift Project";
			packageProductDependencies = (
				34EC27022961A8E7006EA227 /* RxCocoa */,
				34EC27042961A8E7006EA227 /* RxRelay */,
				34EC27062961A8E7006EA227 /* RxSwift */,
				34F3BF4C296FACAE00E10883 /* RxDataSources */,
			);
			productName = "RXSwift Project";
			productReference = 34EC26EA2961A325006EA227 /* RXSwift Project.app */;
			productType = "com.apple.product-type.application";
		};
/* End PBXNativeTarget section */

/* Begin PBXProject section */
		34EC26E22961A325006EA227 /* Project object */ = {
			isa = PBXProject;
			attributes = {
				BuildIndependentTargetsInParallel = 1;
				LastSwiftUpdateCheck = 1410;
				LastUpgradeCheck = 1410;
				TargetAttributes = {
					34EC26E92961A325006EA227 = {
						CreatedOnToolsVersion = 14.1;
					};
				};
			};
			buildConfigurationList = 34EC26E52961A325006EA227 /* Build configuration list for PBXProject "RXSwift Project" */;
			compatibilityVersion = "Xcode 14.0";
			developmentRegion = en;
			hasScannedForEncodings = 0;
			knownRegions = (
				en,
				Base,
			);
			mainGroup = 34EC26E12961A325006EA227;
			packageReferences = (
				34EC27012961A8E6006EA227 /* XCRemoteSwiftPackageReference "RxSwift" */,
				34F3BF4B296FACAE00E10883 /* XCRemoteSwiftPackageReference "RxDataSources" */,
			);
			productRefGroup = 34EC26EB2961A325006EA227 /* Products */;
			projectDirPath = "";
			projectRoot = "";
			targets = (
				34EC26E92961A325006EA227 /* RXSwift Project */,
			);
		};
/* End PBXProject section */

/* Begin PBXResourcesBuildPhase section */
		34EC26E82961A325006EA227 /* Resources */ = {
			isa = PBXResourcesBuildPhase;
			buildActionMask = 2147483647;
			files = (
				34EC26FA2961A326006EA227 /* LaunchScreen.storyboard in Resources */,
				34EC26F72961A326006EA227 /* Assets.xcassets in Resources */,
				34EC26F52961A325006EA227 /* Main.storyboard in Resources */,
			);
			runOnlyForDeploymentPostprocessing = 0;
		};
/* End PBXResourcesBuildPhase section */

/* Begin PBXSourcesBuildPhase section */
		34EC26E62961A325006EA227 /* Sources */ = {
			isa = PBXSourcesBuildPhase;
			buildActionMask = 2147483647;
			files = (
				34F3BF49296F9F5B00E10883 /* UserTableViewCell.swift in Sources */,
				34EC26F22961A325006EA227 /* ViewController.swift in Sources */,
				34EC26EE2961A325006EA227 /* AppDelegate.swift in Sources */,
				34F3BF6529718F9E00E10883 /* LoginView.swift in Sources */,
				34EC26F02961A325006EA227 /* SceneDelegate.swift in Sources */,
			);
			runOnlyForDeploymentPostprocessing = 0;
		};
/* End PBXSourcesBuildPhase section */

/* Begin PBXVariantGroup section */
		34EC26F32961A325006EA227 /* Main.storyboard */ = {
			isa = PBXVariantGroup;
			children = (
				34EC26F42961A325006EA227 /* Base */,
			);
			name = Main.storyboard;
			sourceTree = "<group>";
		};
		34EC26F82961A326006EA227 /* LaunchScreen.storyboard */ = {
			isa = PBXVariantGroup;
			children = (
				34EC26F92961A326006EA227 /* Base */,
			);
			name = LaunchScreen.storyboard;
			sourceTree = "<group>";
		};
/* End PBXVariantGroup section */

/* Begin XCBuildConfiguration section */
		34EC26FC2961A326006EA227 /* Debug */ = {
			isa = XCBuildConfiguration;
			buildSettings = {
				ALWAYS_SEARCH_USER_PATHS = NO;
				CLANG_ANALYZER_NONNULL = YES;
				CLANG_ANALYZER_NUMBER_OBJECT_CONVERSION = YES_AGGRESSIVE;
				CLANG_CXX_LANGUAGE_STANDARD = "gnu++20";
				CLANG_ENABLE_MODULES = YES;
				CLANG_ENABLE_OBJC_ARC = YES;
				CLANG_ENABLE_OBJC_WEAK = YES;
				CLANG_WARN_BLOCK_CAPTURE_AUTORELEASING = YES;
				CLANG_WARN_BOOL_CONVERSION = YES;
				CLANG_WARN_COMMA = YES;
				CLANG_WARN_CONSTANT_CONVERSION = YES;
				CLANG_WARN_DEPRECATED_OBJC_IMPLEMENTATIONS = YES;
				CLANG_WARN_DIRECT_OBJC_ISA_USAGE = YES_ERROR;
				CLANG_WARN_DOCUMENTATION_COMMENTS = YES;
				CLANG_WARN_EMPTY_BODY = YES;
				CLANG_WARN_ENUM_CONVERSION = YES;
				CLANG_WARN_INFINITE_RECURSION = YES;
				CLANG_WARN_INT_CONVERSION = YES;
				CLANG_WARN_NON_LITERAL_NULL_CONVERSION = YES;
				CLANG_WARN_OBJC_IMPLICIT_RETAIN_SELF = YES;
				CLANG_WARN_OBJC_LITERAL_CONVERSION = YES;
				CLANG_WARN_OBJC_ROOT_CLASS = YES_ERROR;
				CLANG_WARN_QUOTED_INCLUDE_IN_FRAMEWORK_HEADER = YES;
				CLANG_WARN_RANGE_LOOP_ANALYSIS = YES;
				CLANG_WARN_STRICT_PROTOTYPES = YES;
				CLANG_WARN_SUSPICIOUS_MOVE = YES;
				CLANG_WARN_UNGUARDED_AVAILABILITY = YES_AGGRESSIVE;
				CLANG_WARN_UNREACHABLE_CODE = YES;
				CLANG_WARN__DUPLICATE_METHOD_MATCH = YES;
				COPY_PHASE_STRIP = NO;
				DEBUG_INFORMATION_FORMAT = dwarf;
				ENABLE_STRICT_OBJC_MSGSEND = YES;
				ENABLE_TESTABILITY = YES;
				GCC_C_LANGUAGE_STANDARD = gnu11;
				GCC_DYNAMIC_NO_PIC = NO;
				GCC_NO_COMMON_BLOCKS = YES;
				GCC_OPTIMIZATION_LEVEL = 0;
				GCC_PREPROCESSOR_DEFINITIONS = (
					"DEBUG=1",
					"$(inherited)",
				);
				GCC_WARN_64_TO_32_BIT_CONVERSION = YES;
				GCC_WARN_ABOUT_RETURN_TYPE = YES_ERROR;
				GCC_WARN_UNDECLARED_SELECTOR = YES;
				GCC_WARN_UNINITIALIZED_AUTOS = YES_AGGRESSIVE;
				GCC_WARN_UNUSED_FUNCTION = YES;
				GCC_WARN_UNUSED_VARIABLE = YES;
				IPHONEOS_DEPLOYMENT_TARGET = 16.1;
				MTL_ENABLE_DEBUG_INFO = INCLUDE_SOURCE;
				MTL_FAST_MATH = YES;
				ONLY_ACTIVE_ARCH = YES;
				SDKROOT = iphoneos;
				SWIFT_ACTIVE_COMPILATION_CONDITIONS = DEBUG;
				SWIFT_OPTIMIZATION_LEVEL = "-Onone";
			};
			name = Debug;
		};
		34EC26FD2961A326006EA227 /* Release */ = {
			isa = XCBuildConfiguration;
			buildSettings = {
				ALWAYS_SEARCH_USER_PATHS = NO;
				CLANG_ANALYZER_NONNULL = YES;
				CLANG_ANALYZER_NUMBER_OBJECT_CONVERSION = YES_AGGRESSIVE;
				CLANG_CXX_LANGUAGE_STANDARD = "gnu++20";
				CLANG_ENABLE_MODULES = YES;
				CLANG_ENABLE_OBJC_ARC = YES;
				CLANG_ENABLE_OBJC_WEAK = YES;
				CLANG_WARN_BLOCK_CAPTURE_AUTORELEASING = YES;
				CLANG_WARN_BOOL_CONVERSION = YES;
				CLANG_WARN_COMMA = YES;
				CLANG_WARN_CONSTANT_CONVERSION = YES;
				CLANG_WARN_DEPRECATED_OBJC_IMPLEMENTATIONS = YES;
				CLANG_WARN_DIRECT_OBJC_ISA_USAGE = YES_ERROR;
				CLANG_WARN_DOCUMENTATION_COMMENTS = YES;
				CLANG_WARN_EMPTY_BODY = YES;
				CLANG_WARN_ENUM_CONVERSION = YES;
				CLANG_WARN_INFINITE_RECURSION = YES;
				CLANG_WARN_INT_CONVERSION = YES;
				CLANG_WARN_NON_LITERAL_NULL_CONVERSION = YES;
				CLANG_WARN_OBJC_IMPLICIT_RETAIN_SELF = YES;
				CLANG_WARN_OBJC_LITERAL_CONVERSION = YES;
				CLANG_WARN_OBJC_ROOT_CLASS = YES_ERROR;
				CLANG_WARN_QUOTED_INCLUDE_IN_FRAMEWORK_HEADER = YES;
				CLANG_WARN_RANGE_LOOP_ANALYSIS = YES;
				CLANG_WARN_STRICT_PROTOTYPES = YES;
				CLANG_WARN_SUSPICIOUS_MOVE = YES;
				CLANG_WARN_UNGUARDED_AVAILABILITY = YES_AGGRESSIVE;
				CLANG_WARN_UNREACHABLE_CODE = YES;
				CLANG_WARN__DUPLICATE_METHOD_MATCH = YES;
				COPY_PHASE_STRIP = NO;
				DEBUG_INFORMATION_FORMAT = "dwarf-with-dsym";
				ENABLE_NS_ASSERTIONS = NO;
				ENABLE_STRICT_OBJC_MSGSEND = YES;
				GCC_C_LANGUAGE_STANDARD = gnu11;
				GCC_NO_COMMON_BLOCKS = YES;
				GCC_WARN_64_TO_32_BIT_CONVERSION = YES;
				GCC_WARN_ABOUT_RETURN_TYPE = YES_ERROR;
				GCC_WARN_UNDECLARED_SELECTOR = YES;
				GCC_WARN_UNINITIALIZED_AUTOS = YES_AGGRESSIVE;
				GCC_WARN_UNUSED_FUNCTION = YES;
				GCC_WARN_UNUSED_VARIABLE = YES;
				IPHONEOS_DEPLOYMENT_TARGET = 16.1;
				MTL_ENABLE_DEBUG_INFO = NO;
				MTL_FAST_MATH = YES;
				SDKROOT = iphoneos;
				SWIFT_COMPILATION_MODE = wholemodule;
				SWIFT_OPTIMIZATION_LEVEL = "-O";
				VALIDATE_PRODUCT = YES;
			};
			name = Release;
		};
		34EC26FF2961A326006EA227 /* Debug */ = {
			isa = XCBuildConfiguration;
			buildSettings = {
				ASSETCATALOG_COMPILER_APPICON_NAME = AppIcon;
				ASSETCATALOG_COMPILER_GLOBAL_ACCENT_COLOR_NAME = AccentColor;
				CODE_SIGN_STYLE = Automatic;
				CURRENT_PROJECT_VERSION = 1;
				DEVELOPMENT_TEAM = MW2482B7WH;
				GENERATE_INFOPLIST_FILE = YES;
				INFOPLIST_FILE = "RXSwift Project/Info.plist";
				INFOPLIST_KEY_UIApplicationSupportsIndirectInputEvents = YES;
				INFOPLIST_KEY_UILaunchStoryboardName = LaunchScreen;
				INFOPLIST_KEY_UIMainStoryboardFile = Main;
				INFOPLIST_KEY_UISupportedInterfaceOrientations_iPad = "UIInterfaceOrientationPortrait UIInterfaceOrientationPortraitUpsideDown UIInterfaceOrientationLandscapeLeft UIInterfaceOrientationLandscapeRight";
				INFOPLIST_KEY_UISupportedInterfaceOrientations_iPhone = "UIInterfaceOrientationPortrait UIInterfaceOrientationLandscapeLeft UIInterfaceOrientationLandscapeRight";
				LD_RUNPATH_SEARCH_PATHS = (
					"$(inherited)",
					"@executable_path/Frameworks",
				);
				MARKETING_VERSION = 1.0;
				PRODUCT_BUNDLE_IDENTIFIER = "NomoSiOS.RXSwift-Project";
				PRODUCT_NAME = "$(TARGET_NAME)";
				SWIFT_EMIT_LOC_STRINGS = YES;
				SWIFT_VERSION = 5.0;
				TARGETED_DEVICE_FAMILY = "1,2";
			};
			name = Debug;
		};
		34EC27002961A326006EA227 /* Release */ = {
			isa = XCBuildConfiguration;
			buildSettings = {
				ASSETCATALOG_COMPILER_APPICON_NAME = AppIcon;
				ASSETCATALOG_COMPILER_GLOBAL_ACCENT_COLOR_NAME = AccentColor;
				CODE_SIGN_STYLE = Automatic;
				CURRENT_PROJECT_VERSION = 1;
				DEVELOPMENT_TEAM = MW2482B7WH;
				GENERATE_INFOPLIST_FILE = YES;
				INFOPLIST_FILE = "RXSwift Project/Info.plist";
				INFOPLIST_KEY_UIApplicationSupportsIndirectInputEvents = YES;
				INFOPLIST_KEY_UILaunchStoryboardName = LaunchScreen;
				INFOPLIST_KEY_UIMainStoryboardFile = Main;
				INFOPLIST_KEY_UISupportedInterfaceOrientations_iPad = "UIInterfaceOrientationPortrait UIInterfaceOrientationPortraitUpsideDown UIInterfaceOrientationLandscapeLeft UIInterfaceOrientationLandscapeRight";
				INFOPLIST_KEY_UISupportedInterfaceOrientations_iPhone = "UIInterfaceOrientationPortrait UIInterfaceOrientationLandscapeLeft UIInterfaceOrientationLandscapeRight";
				LD_RUNPATH_SEARCH_PATHS = (
					"$(inherited)",
					"@executable_path/Frameworks",
				);
				MARKETING_VERSION = 1.0;
				PRODUCT_BUNDLE_IDENTIFIER = "NomoSiOS.RXSwift-Project";
				PRODUCT_NAME = "$(TARGET_NAME)";
				SWIFT_EMIT_LOC_STRINGS = YES;
				SWIFT_VERSION = 5.0;
				TARGETED_DEVICE_FAMILY = "1,2";
			};
			name = Release;
		};
/* End XCBuildConfiguration section */

/* Begin XCConfigurationList section */
		34EC26E52961A325006EA227 /* Build configuration list for PBXProject "RXSwift Project" */ = {
			isa = XCConfigurationList;
			buildConfigurations = (
				34EC26FC2961A326006EA227 /* Debug */,
				34EC26FD2961A326006EA227 /* Release */,
			);
			defaultConfigurationIsVisible = 0;
			defaultConfigurationName = Release;
		};
		34EC26FE2961A326006EA227 /* Build configuration list for PBXNativeTarget "RXSwift Project" */ = {
			isa = XCConfigurationList;
			buildConfigurations = (
				34EC26FF2961A326006EA227 /* Debug */,
				34EC27002961A326006EA227 /* Release */,
			);
			defaultConfigurationIsVisible = 0;
			defaultConfigurationName = Release;
		};
/* End XCConfigurationList section */

/* Begin XCRemoteSwiftPackageReference section */
		34EC27012961A8E6006EA227 /* XCRemoteSwiftPackageReference "RxSwift" */ = {
			isa = XCRemoteSwiftPackageReference;
			repositoryURL = "https://github.com/ReactiveX/RxSwift";
			requirement = {
				kind = upToNextMajorVersion;
				minimumVersion = 6.0.0;
			};
		};
		34F3BF4B296FACAE00E10883 /* XCRemoteSwiftPackageReference "RxDataSources" */ = {
			isa = XCRemoteSwiftPackageReference;
			repositoryURL = "https://github.com/RxSwiftCommunity/RxDataSources";
			requirement = {
				kind = upToNextMajorVersion;
				minimumVersion = 5.0.0;
			};
		};
/* End XCRemoteSwiftPackageReference section */

/* Begin XCSwiftPackageProductDependency section */
		34EC27022961A8E7006EA227 /* RxCocoa */ = {
			isa = XCSwiftPackageProductDependency;
			package = 34EC27012961A8E6006EA227 /* XCRemoteSwiftPackageReference "RxSwift" */;
			productName = RxCocoa;
		};
		34EC27042961A8E7006EA227 /* RxRelay */ = {
			isa = XCSwiftPackageProductDependency;
			package = 34EC27012961A8E6006EA227 /* XCRemoteSwiftPackageReference "RxSwift" */;
			productName = RxRelay;
		};
		34EC27062961A8E7006EA227 /* RxSwift */ = {
			isa = XCSwiftPackageProductDependency;
			package = 34EC27012961A8E6006EA227 /* XCRemoteSwiftPackageReference "RxSwift" */;
			productName = RxSwift;
		};
		34F3BF4C296FACAE00E10883 /* RxDataSources */ = {
			isa = XCSwiftPackageProductDependency;
			package = 34F3BF4B296FACAE00E10883 /* XCRemoteSwiftPackageReference "RxDataSources" */;
			productName = RxDataSources;
		};
/* End XCSwiftPackageProductDependency section */
	};
	rootObject = 34EC26E22961A325006EA227 /* Project object */;
}
